
Microsoft Visual Studio Solution File, Format Version 12.00
# Visual Studio 15
VisualStudioVersion = 15.0.26430.15
MinimumVisualStudioVersion = 10.0.40219.1
Project("{2150E333-8FDC-42A3-9474-1A3956D46DE8}") = "102.Multidimensional Arrays", "102.Multidimensional Arrays", "{112DA7AE-6BDC-4F38-BB46-442F008F1FA5}"
EndProject
Project("{2150E333-8FDC-42A3-9474-1A3956D46DE8}") = "101.Arrays", "101.Arrays", "{B21F4A88-F093-40DE-8C96-EA1A112839C6}"
EndProject
Project("{FAE04EC0-301F-11D3-BF4B-00C04F79EFBC}") = "10201.FillTheMatrix", "10201.FillTheMatrix\10201.FillTheMatrix.csproj", "{98E180F9-76D7-4399-B8DC-7614A6BA245C}"
EndProject
Project("{FAE04EC0-301F-11D3-BF4B-00C04F79EFBC}") = "10202.MaximalSum", "10202.MaximalSum\10202.MaximalSum.csproj", "{5648595A-449E-4C01-BB67-624B010728DA}"
EndProject
Project("{FAE04EC0-301F-11D3-BF4B-00C04F79EFBC}") = "10203.SequenceInMatrix", "10203.SequenceInMatrix\10203.SequenceInMatrix.csproj", "{E5C11F31-B567-403E-A46A-59E49A4A2D3C}"
EndProject
Project("{2150E333-8FDC-42A3-9474-1A3956D46DE8}") = "104.Strings", "104.Strings", "{C229066A-5D7F-481C-BB22-699DC93054F8}"
EndProject
Project("{FAE04EC0-301F-11D3-BF4B-00C04F79EFBC}") = "10402.ReverseString", "10402.ReverseString\10402.ReverseString.csproj", "{93551DCC-7078-4B09-91CB-C60E3646E269}"
EndProject
Project("{FAE04EC0-301F-11D3-BF4B-00C04F79EFBC}") = "10403.CorrectBracketsTest", "10403.CorrectBracketsTest\10403.CorrectBracketsTest.csproj", "{DB32A645-E236-4A32-94BD-6A93FB7CB200}"
EndProject
Project("{FAE04EC0-301F-11D3-BF4B-00C04F79EFBC}") = "10404.SubstringInText", "10404.SubstringInText\10404.SubstringInText.csproj", "{83EAFFC4-1025-4CBC-B0EE-9B2200EC9232}"
EndProject
Project("{FAE04EC0-301F-11D3-BF4B-00C04F79EFBC}") = "10405.ParseTags", "10405.ParseTags\10405.ParseTags.csproj", "{C8284010-81FE-4CAD-B958-6042A03A76E8}"
EndProject
Project("{FAE04EC0-301F-11D3-BF4B-00C04F79EFBC}") = "10406.StringLength", "10406.StringLength\10406.StringLength.csproj", "{9CF73AEC-BC00-45DD-B6E3-23D324FA1B5A}"
EndProject
Project("{FAE04EC0-301F-11D3-BF4B-00C04F79EFBC}") = "10408.ExtractSentences", "10408.ExtractSentences\10408.ExtractSentences.csproj", "{490E163B-DF46-45AE-B4C0-B6F58106F7D7}"
EndProject
Project("{FAE04EC0-301F-11D3-BF4B-00C04F79EFBC}") = "10410.UnicodeCharacters", "10410.UnicodeCharacters\10410.UnicodeCharacters.csproj", "{0C666635-A970-4ACC-BEB7-0491CFABAE71}"
EndProject
Global
	GlobalSection(SolutionConfigurationPlatforms) = preSolution
		Debug|Any CPU = Debug|Any CPU
		Release|Any CPU = Release|Any CPU
	EndGlobalSection
	GlobalSection(ProjectConfigurationPlatforms) = postSolution
		{98E180F9-76D7-4399-B8DC-7614A6BA245C}.Debug|Any CPU.ActiveCfg = Debug|Any CPU
		{98E180F9-76D7-4399-B8DC-7614A6BA245C}.Debug|Any CPU.Build.0 = Debug|Any CPU
		{98E180F9-76D7-4399-B8DC-7614A6BA245C}.Release|Any CPU.ActiveCfg = Release|Any CPU
		{98E180F9-76D7-4399-B8DC-7614A6BA245C}.Release|Any CPU.Build.0 = Release|Any CPU
		{5648595A-449E-4C01-BB67-624B010728DA}.Debug|Any CPU.ActiveCfg = Debug|Any CPU
		{5648595A-449E-4C01-BB67-624B010728DA}.Debug|Any CPU.Build.0 = Debug|Any CPU
		{5648595A-449E-4C01-BB67-624B010728DA}.Release|Any CPU.ActiveCfg = Release|Any CPU
		{5648595A-449E-4C01-BB67-624B010728DA}.Release|Any CPU.Build.0 = Release|Any CPU
		{E5C11F31-B567-403E-A46A-59E49A4A2D3C}.Debug|Any CPU.ActiveCfg = Debug|Any CPU
		{E5C11F31-B567-403E-A46A-59E49A4A2D3C}.Debug|Any CPU.Build.0 = Debug|Any CPU
		{E5C11F31-B567-403E-A46A-59E49A4A2D3C}.Release|Any CPU.ActiveCfg = Release|Any CPU
		{E5C11F31-B567-403E-A46A-59E49A4A2D3C}.Release|Any CPU.Build.0 = Release|Any CPU
		{93551DCC-7078-4B09-91CB-C60E3646E269}.Debug|Any CPU.ActiveCfg = Debug|Any CPU
		{93551DCC-7078-4B09-91CB-C60E3646E269}.Debug|Any CPU.Build.0 = Debug|Any CPU
		{93551DCC-7078-4B09-91CB-C60E3646E269}.Release|Any CPU.ActiveCfg = Release|Any CPU
		{93551DCC-7078-4B09-91CB-C60E3646E269}.Release|Any CPU.Build.0 = Release|Any CPU
		{DB32A645-E236-4A32-94BD-6A93FB7CB200}.Debug|Any CPU.ActiveCfg = Debug|Any CPU
		{DB32A645-E236-4A32-94BD-6A93FB7CB200}.Debug|Any CPU.Build.0 = Debug|Any CPU
		{DB32A645-E236-4A32-94BD-6A93FB7CB200}.Release|Any CPU.ActiveCfg = Release|Any CPU
		{DB32A645-E236-4A32-94BD-6A93FB7CB200}.Release|Any CPU.Build.0 = Release|Any CPU
		{83EAFFC4-1025-4CBC-B0EE-9B2200EC9232}.Debug|Any CPU.ActiveCfg = Debug|Any CPU
		{83EAFFC4-1025-4CBC-B0EE-9B2200EC9232}.Debug|Any CPU.Build.0 = Debug|Any CPU
		{83EAFFC4-1025-4CBC-B0EE-9B2200EC9232}.Release|Any CPU.ActiveCfg = Release|Any CPU
		{83EAFFC4-1025-4CBC-B0EE-9B2200EC9232}.Release|Any CPU.Build.0 = Release|Any CPU
		{C8284010-81FE-4CAD-B958-6042A03A76E8}.Debug|Any CPU.ActiveCfg = Debug|Any CPU
		{C8284010-81FE-4CAD-B958-6042A03A76E8}.Debug|Any CPU.Build.0 = Debug|Any CPU
		{C8284010-81FE-4CAD-B958-6042A03A76E8}.Release|Any CPU.ActiveCfg = Release|Any CPU
		{C8284010-81FE-4CAD-B958-6042A03A76E8}.Release|Any CPU.Build.0 = Release|Any CPU
		{9CF73AEC-BC00-45DD-B6E3-23D324FA1B5A}.Debug|Any CPU.ActiveCfg = Debug|Any CPU
		{9CF73AEC-BC00-45DD-B6E3-23D324FA1B5A}.Debug|Any CPU.Build.0 = Debug|Any CPU
		{9CF73AEC-BC00-45DD-B6E3-23D324FA1B5A}.Release|Any CPU.ActiveCfg = Release|Any CPU
		{9CF73AEC-BC00-45DD-B6E3-23D324FA1B5A}.Release|Any CPU.Build.0 = Release|Any CPU
		{490E163B-DF46-45AE-B4C0-B6F58106F7D7}.Debug|Any CPU.ActiveCfg = Debug|Any CPU
		{490E163B-DF46-45AE-B4C0-B6F58106F7D7}.Debug|Any CPU.Build.0 = Debug|Any CPU
		{490E163B-DF46-45AE-B4C0-B6F58106F7D7}.Release|Any CPU.ActiveCfg = Release|Any CPU
		{490E163B-DF46-45AE-B4C0-B6F58106F7D7}.Release|Any CPU.Build.0 = Release|Any CPU
		{0C666635-A970-4ACC-BEB7-0491CFABAE71}.Debug|Any CPU.ActiveCfg = Debug|Any CPU
		{0C666635-A970-4ACC-BEB7-0491CFABAE71}.Debug|Any CPU.Build.0 = Debug|Any CPU
		{0C666635-A970-4ACC-BEB7-0491CFABAE71}.Release|Any CPU.ActiveCfg = Release|Any CPU
		{0C666635-A970-4ACC-BEB7-0491CFABAE71}.Release|Any CPU.Build.0 = Release|Any CPU
	EndGlobalSection
	GlobalSection(SolutionProperties) = preSolution
		HideSolutionNode = FALSE
	EndGlobalSection
	GlobalSection(NestedProjects) = preSolution
		{98E180F9-76D7-4399-B8DC-7614A6BA245C} = {112DA7AE-6BDC-4F38-BB46-442F008F1FA5}
		{5648595A-449E-4C01-BB67-624B010728DA} = {112DA7AE-6BDC-4F38-BB46-442F008F1FA5}
		{E5C11F31-B567-403E-A46A-59E49A4A2D3C} = {112DA7AE-6BDC-4F38-BB46-442F008F1FA5}
		{93551DCC-7078-4B09-91CB-C60E3646E269} = {C229066A-5D7F-481C-BB22-699DC93054F8}
		{DB32A645-E236-4A32-94BD-6A93FB7CB200} = {C229066A-5D7F-481C-BB22-699DC93054F8}
		{83EAFFC4-1025-4CBC-B0EE-9B2200EC9232} = {C229066A-5D7F-481C-BB22-699DC93054F8}
		{C8284010-81FE-4CAD-B958-6042A03A76E8} = {C229066A-5D7F-481C-BB22-699DC93054F8}
		{9CF73AEC-BC00-45DD-B6E3-23D324FA1B5A} = {C229066A-5D7F-481C-BB22-699DC93054F8}
		{490E163B-DF46-45AE-B4C0-B6F58106F7D7} = {C229066A-5D7F-481C-BB22-699DC93054F8}
		{0C666635-A970-4ACC-BEB7-0491CFABAE71} = {C229066A-5D7F-481C-BB22-699DC93054F8}
	EndGlobalSection
EndGlobal
