
Microsoft Visual Studio Solution File, Format Version 12.00
# Visual Studio 15
VisualStudioVersion = 15.0.26730.12
MinimumVisualStudioVersion = 10.0.40219.1
Project("{2150E333-8FDC-42A3-9474-1A3956D46DE8}") = "102.Multidimensional Arrays", "102.Multidimensional Arrays", "{112DA7AE-6BDC-4F38-BB46-442F008F1FA5}"
EndProject
Project("{2150E333-8FDC-42A3-9474-1A3956D46DE8}") = "101.Arrays", "101.Arrays", "{B21F4A88-F093-40DE-8C96-EA1A112839C6}"
EndProject
Project("{FAE04EC0-301F-11D3-BF4B-00C04F79EFBC}") = "10201.FillTheMatrix", "10201.FillTheMatrix\10201.FillTheMatrix.csproj", "{98E180F9-76D7-4399-B8DC-7614A6BA245C}"
EndProject
Project("{FAE04EC0-301F-11D3-BF4B-00C04F79EFBC}") = "10202.MaximalSum", "10202.MaximalSum\10202.MaximalSum.csproj", "{5648595A-449E-4C01-BB67-624B010728DA}"
EndProject
Project("{FAE04EC0-301F-11D3-BF4B-00C04F79EFBC}") = "10203.SequenceInMatrix", "10203.SequenceInMatrix\10203.SequenceInMatrix.csproj", "{E5C11F31-B567-403E-A46A-59E49A4A2D3C}"
EndProject
Project("{2150E333-8FDC-42A3-9474-1A3956D46DE8}") = "104.Strings", "104.Strings", "{C229066A-5D7F-481C-BB22-699DC93054F8}"
EndProject
Project("{FAE04EC0-301F-11D3-BF4B-00C04F79EFBC}") = "10402.ReverseString", "10402.ReverseString\10402.ReverseString.csproj", "{93551DCC-7078-4B09-91CB-C60E3646E269}"
EndProject
Project("{FAE04EC0-301F-11D3-BF4B-00C04F79EFBC}") = "10403.CorrectBracketsTest", "10403.CorrectBracketsTest\10403.CorrectBracketsTest.csproj", "{DB32A645-E236-4A32-94BD-6A93FB7CB200}"
EndProject
Project("{FAE04EC0-301F-11D3-BF4B-00C04F79EFBC}") = "10404.SubstringInText", "10404.SubstringInText\10404.SubstringInText.csproj", "{83EAFFC4-1025-4CBC-B0EE-9B2200EC9232}"
EndProject
Project("{FAE04EC0-301F-11D3-BF4B-00C04F79EFBC}") = "10405.ParseTags", "10405.ParseTags\10405.ParseTags.csproj", "{C8284010-81FE-4CAD-B958-6042A03A76E8}"
EndProject
Project("{FAE04EC0-301F-11D3-BF4B-00C04F79EFBC}") = "10406.StringLength", "10406.StringLength\10406.StringLength.csproj", "{9CF73AEC-BC00-45DD-B6E3-23D324FA1B5A}"
EndProject
Project("{FAE04EC0-301F-11D3-BF4B-00C04F79EFBC}") = "10408.ExtractSentences", "10408.ExtractSentences\10408.ExtractSentences.csproj", "{490E163B-DF46-45AE-B4C0-B6F58106F7D7}"
EndProject
Project("{FAE04EC0-301F-11D3-BF4B-00C04F79EFBC}") = "10410.UnicodeCharacters", "10410.UnicodeCharacters\10410.UnicodeCharacters.csproj", "{0C666635-A970-4ACC-BEB7-0491CFABAE71}"
EndProject
Project("{FAE04EC0-301F-11D3-BF4B-00C04F79EFBC}") = "10412.ParseURL", "10412.ParseURL\10412.ParseURL.csproj", "{113B4CDA-1CE5-41D3-88B8-368F13325683}"
EndProject
Project("{FAE04EC0-301F-11D3-BF4B-00C04F79EFBC}") = "10423.SeriesOfLetters", "10423.SeriesOfLetters\10423.SeriesOfLetters.csproj", "{B9953FFE-3E52-4146-8D1C-716A5D630D10}"
EndProject
Project("{2150E333-8FDC-42A3-9474-1A3956D46DE8}") = "105.Exception Handling", "105.Exception Handling", "{F5430E3B-2B3C-41E0-9D6B-61E50EE6DBD2}"
EndProject
Project("{FAE04EC0-301F-11D3-BF4B-00C04F79EFBC}") = "10501.SquareRoot", "10501.SquareRoot\10501.SquareRoot.csproj", "{8031D806-BEEA-4D4C-8959-3FD88CD6FCBC}"
EndProject
Project("{FAE04EC0-301F-11D3-BF4B-00C04F79EFBC}") = "10502.EnterNumbers", "10502.EnterNumbers\10502.EnterNumbers.csproj", "{7C94ED8E-789E-4BD0-97F8-5FCB8CA4ADF5}"
EndProject
Project("{FAE04EC0-301F-11D3-BF4B-00C04F79EFBC}") = "10101.AllocateArray", "10101.AllocateArray\10101.AllocateArray.csproj", "{10B2CBCA-3652-4DDE-A02B-87B5197C16AC}"
EndProject
Project("{FAE04EC0-301F-11D3-BF4B-00C04F79EFBC}") = "10102.CompareArrays", "10102.CompareArrays\10102.CompareArrays.csproj", "{7737EDBC-3385-4774-8FDB-FE138B8325C4}"
EndProject
Project("{FAE04EC0-301F-11D3-BF4B-00C04F79EFBC}") = "10103.CompareCharArrays", "10103.CompareCharArrays\10103.CompareCharArrays.csproj", "{F316E564-99B8-4D7E-BC04-B043DFAD5D0D}"
EndProject
Project("{FAE04EC0-301F-11D3-BF4B-00C04F79EFBC}") = "10104.MaximalSequence", "10104.MaximalSequence\10104.MaximalSequence.csproj", "{372B91B4-D3A6-4045-8A60-114BCB9F8DF7}"
EndProject
Project("{FAE04EC0-301F-11D3-BF4B-00C04F79EFBC}") = "10105.MaximalIncreasingSequence", "10105.MaximalIncreasingSequence\10105.MaximalIncreasingSequence.csproj", "{3D090EE4-B632-4431-B407-3C6F450BD311}"
EndProject
Project("{FAE04EC0-301F-11D3-BF4B-00C04F79EFBC}") = "10106.MaximalKSum", "10106.MaximalKSum\10106.MaximalKSum.csproj", "{8BE7ADE8-C791-4D58-BF71-EED1B31A260C}"
EndProject
Project("{FAE04EC0-301F-11D3-BF4B-00C04F79EFBC}") = "10109.FrequentNumber", "10109.FrequentNumber\10109.FrequentNumber.csproj", "{05AA7487-73D0-4AEC-8C69-9CC2931E5F63}"
EndProject
Project("{FAE04EC0-301F-11D3-BF4B-00C04F79EFBC}") = "10107.SelectionSort", "10107.SelectionSort\10107.SelectionSort.csproj", "{3DDF6818-FACB-4E86-B946-77BE7E26BE0A}"
EndProject
Project("{FAE04EC0-301F-11D3-BF4B-00C04F79EFBC}") = "10108.MaximalSum", "10108.MaximalSum\10108.MaximalSum.csproj", "{CDC433A2-2957-4693-A2EA-B331C58B0185}"
EndProject
Project("{FAE04EC0-301F-11D3-BF4B-00C04F79EFBC}") = "10111.BinarySearch", "10111.BinarySearch\10111.BinarySearch.csproj", "{2B1A055F-44C7-4635-94E5-EA8E99FCDEB8}"
EndProject
Project("{FAE04EC0-301F-11D3-BF4B-00C04F79EFBC}") = "10112.IndexOfLetters", "10112.IndexOfLetters\10112.IndexOfLetters.csproj", "{47B0C407-3C18-4077-B078-4F84CE162C54}"
EndProject
Project("{2150E333-8FDC-42A3-9474-1A3956D46DE8}") = "103.Methods", "103.Methods", "{C1E1A4D1-FA04-4B0F-83EB-5A7478FC76BF}"
EndProject
Project("{FAE04EC0-301F-11D3-BF4B-00C04F79EFBC}") = "10301.SayHello", "10301.SayHello\10301.SayHello.csproj", "{79A277AD-A982-459E-BBED-5D1F73C8824B}"
EndProject
Project("{FAE04EC0-301F-11D3-BF4B-00C04F79EFBC}") = "10302.GetLargestNumber", "10302.GetLargestNumber\10302.GetLargestNumber.csproj", "{98A9A785-C1D3-4A85-9AB3-D54E3F61E5B2}"
EndProject
Project("{FAE04EC0-301F-11D3-BF4B-00C04F79EFBC}") = "10303.EnglishDigit", "10303.EnglishDigit\10303.EnglishDigit.csproj", "{AE619D8B-6671-4352-84EB-D9382AE4CF73}"
EndProject
Project("{FAE04EC0-301F-11D3-BF4B-00C04F79EFBC}") = "10304.AppearanceCount", "10304.AppearanceCount\10304.AppearanceCount.csproj", "{468CC534-5921-48C6-8ACC-59482BEB7D2B}"
EndProject
Project("{FAE04EC0-301F-11D3-BF4B-00C04F79EFBC}") = "10305.LargerThanNeighbours", "10305.LargerThanNeighbours\10305.LargerThanNeighbours.csproj", "{B06EE692-2719-4D62-B5C3-F3EFE50D7FAD}"
EndProject
Project("{FAE04EC0-301F-11D3-BF4B-00C04F79EFBC}") = "10306.FirstLargerThanNeighbours", "10306.FirstLargerThanNeighbours\10306.FirstLargerThanNeighbours.csproj", "{2E40A03B-E2B9-4C28-8070-0740104EE043}"
EndProject
Project("{FAE04EC0-301F-11D3-BF4B-00C04F79EFBC}") = "10307.ReverseNumber", "10307.ReverseNumber\10307.ReverseNumber.csproj", "{309C9C32-B77D-4093-AE2A-907539EA76DC}"
EndProject
Project("{FAE04EC0-301F-11D3-BF4B-00C04F79EFBC}") = "10308.NumberAsArray", "10308.NumberAsArray\10308.NumberAsArray.csproj", "{90A6123D-F902-4E76-8CEA-39671F385E31}"
EndProject
Project("{FAE04EC0-301F-11D3-BF4B-00C04F79EFBC}") = "10309.SortingArray", "10309.SortingArray\10309.SortingArray.csproj", "{3D559DA2-8247-4CA1-9D4D-A85866C0E27C}"
EndProject
Project("{FAE04EC0-301F-11D3-BF4B-00C04F79EFBC}") = "10310.NFactorial", "10310.NFactorial\10310.NFactorial.csproj", "{C5506CC4-2C09-4005-9A15-D28A5BC5FE33}"
EndProject
Project("{FAE04EC0-301F-11D3-BF4B-00C04F79EFBC}") = "10311.AddingPolynomials", "10311.AddingPolynomials\10311.AddingPolynomials.csproj", "{3BD60D3F-C129-4087-81CC-B68EB424CC09}"
EndProject
Project("{FAE04EC0-301F-11D3-BF4B-00C04F79EFBC}") = "10314.IntegerCalculations", "10314.IntegerCalculations\10314.IntegerCalculations.csproj", "{57929565-D8A1-49DE-8A4B-D4851506A4FA}"
EndProject
Project("{2150E333-8FDC-42A3-9474-1A3956D46DE8}") = "106.Streams and Files", "106.Streams and Files", "{81A7DE36-05EB-491A-A958-84A1B0633AD2}"
EndProject
Project("{2150E333-8FDC-42A3-9474-1A3956D46DE8}") = "107.OOP", "107.OOP", "{E6E31D0B-3809-482C-A36E-0F49A3240C2D}"
EndProject
Project("{FAE04EC0-301F-11D3-BF4B-00C04F79EFBC}") = "10701.Defining-Classes-Part-1", "10701.Defining-Classes-Part-1\10701.Defining-Classes-Part-1.csproj", "{3A36D89B-8440-4A43-B06E-B1A16603E470}"
EndProject
Project("{FAE04EC0-301F-11D3-BF4B-00C04F79EFBC}") = "10702.Defining-Classes-Part-2", "10702.Defining-Classes-Part-2\10702.Defining-Classes-Part-2.csproj", "{BD345923-38D5-4D46-9B76-4F1E91CFE8CF}"
EndProject
Project("{FAE04EC0-301F-11D3-BF4B-00C04F79EFBC}") = "10601.OddLines", "10601.OddLines\10601.OddLines.csproj", "{8990C6FB-BD47-4E58-B035-3B601E57956F}"
EndProject
Project("{2150E333-8FDC-42A3-9474-1A3956D46DE8}") = "1.Exam1", "1.Exam1", "{2FA78F1A-0D47-483E-9150-467844C4F327}"
EndProject
Project("{FAE04EC0-301F-11D3-BF4B-00C04F79EFBC}") = "1.1.SendMeTheCode", "1.1.SendMeTheCode\1.1.SendMeTheCode.csproj", "{F4099407-B732-4D69-9D52-B8913437E6B4}"
EndProject
Project("{FAE04EC0-301F-11D3-BF4B-00C04F79EFBC}") = "1.2.MovingBackAndForward", "1.2.MovingBackAndForward\1.2.MovingBackAndForward.csproj", "{90A6905E-49E4-4386-9A63-CF96B6B80733}"
EndProject
Project("{FAE04EC0-301F-11D3-BF4B-00C04F79EFBC}") = "1.3.CountThem", "1.3.CountThem\1.3.CountThem.csproj", "{6602D07D-C27E-479E-817E-B9AB0CC33F01}"
EndProject
Project("{FAE04EC0-301F-11D3-BF4B-00C04F79EFBC}") = "10703.OOPPrinciples_Part_1", "10703.OOPPrinciples_Part_1\10703.OOPPrinciples_Part_1.csproj", "{39AF42F4-73F4-4600-AECA-66B7E83469E1}"
EndProject
Project("{2150E333-8FDC-42A3-9474-1A3956D46DE8}") = "1.Exam2", "1.Exam2", "{D247F7CC-C02A-4659-8F7B-494F761FA20B}"
EndProject
Project("{FAE04EC0-301F-11D3-BF4B-00C04F79EFBC}") = "1.4.OlympicGames", "1.4.OlympicGames\1.4.OlympicGames.csproj", "{46657D75-8952-4500-AAD1-539FD248E510}"
EndProject
Project("{2150E333-8FDC-42A3-9474-1A3956D46DE8}") = "Module1", "Module1", "{CD9128A1-F932-46C7-A2F9-F3CA58E7CB55}"
EndProject
Project("{2150E333-8FDC-42A3-9474-1A3956D46DE8}") = "Module2", "Module2", "{9513553E-4BBD-43C4-8B27-D4CB19DDF744}"
EndProject
Project("{2150E333-8FDC-42A3-9474-1A3956D46DE8}") = "202.Linear-Data-Structures", "202.Linear-Data-Structures", "{8D02DFAA-3911-4D0C-98E2-9D788C8185DB}"
EndProject
Project("{FAE04EC0-301F-11D3-BF4B-00C04F79EFBC}") = "20201.ListInts", "20201.ListInts\20201.ListInts.csproj", "{8594FA6F-3E20-4D85-9963-6ADC46F66673}"
EndProject
Project("{FAE04EC0-301F-11D3-BF4B-00C04F79EFBC}") = "20202.ReverseWithStack", "20202.ReverseWithStack\20202.ReverseWithStack.csproj", "{2FEF1C3D-C956-4E8C-AFE8-A99CE8FA0D1D}"
EndProject
Project("{FAE04EC0-301F-11D3-BF4B-00C04F79EFBC}") = "20203.SortList", "20203.SortList\20203.SortList.csproj", "{AD806E12-8CBF-45B2-9293-C22E1D4B58F8}"
EndProject
Project("{FAE04EC0-301F-11D3-BF4B-00C04F79EFBC}") = "1.5.Academy", "1.5.Academy\1.5.Academy.csproj", "{37BA7D68-D803-4820-9586-8EFC016C9144}"
EndProject
Project("{FAE04EC0-301F-11D3-BF4B-00C04F79EFBC}") = "1.6.Traveller", "1.6.Traveller\1.6.Traveller.csproj", "{B5469B66-604D-4D40-81A3-43BB9968D2DE}"
EndProject
Project("{2150E333-8FDC-42A3-9474-1A3956D46DE8}") = "208.Alpha-DSA", "208.Alpha-DSA", "{F296B3A2-CA03-4635-9661-C43E986BC093}"
EndProject
Project("{FAE04EC0-301F-11D3-BF4B-00C04F79EFBC}") = "20806.GoldFever", "20806.GoldFever\20806.GoldFever.csproj", "{541B4076-65BE-45B0-AAF8-31B93487DC6D}"
EndProject
Project("{2150E333-8FDC-42A3-9474-1A3956D46DE8}") = "2.Exam1", "2.Exam1", "{185614E3-F09A-4A8F-B0AB-0E8F5D63813C}"
EndProject
Project("{FAE04EC0-301F-11D3-BF4B-00C04F79EFBC}") = "2.3.Aquapark", "2.3.Aquapark\2.3.Aquapark.csproj", "{B61D68C9-8311-4E6D-B50E-259A2AF34B41}"
EndProject
Global
	GlobalSection(SolutionConfigurationPlatforms) = preSolution
		Debug|Any CPU = Debug|Any CPU
		Release|Any CPU = Release|Any CPU
	EndGlobalSection
	GlobalSection(ProjectConfigurationPlatforms) = postSolution
		{98E180F9-76D7-4399-B8DC-7614A6BA245C}.Debug|Any CPU.ActiveCfg = Debug|Any CPU
		{98E180F9-76D7-4399-B8DC-7614A6BA245C}.Debug|Any CPU.Build.0 = Debug|Any CPU
		{98E180F9-76D7-4399-B8DC-7614A6BA245C}.Release|Any CPU.ActiveCfg = Release|Any CPU
		{98E180F9-76D7-4399-B8DC-7614A6BA245C}.Release|Any CPU.Build.0 = Release|Any CPU
		{5648595A-449E-4C01-BB67-624B010728DA}.Debug|Any CPU.ActiveCfg = Debug|Any CPU
		{5648595A-449E-4C01-BB67-624B010728DA}.Debug|Any CPU.Build.0 = Debug|Any CPU
		{5648595A-449E-4C01-BB67-624B010728DA}.Release|Any CPU.ActiveCfg = Release|Any CPU
		{5648595A-449E-4C01-BB67-624B010728DA}.Release|Any CPU.Build.0 = Release|Any CPU
		{E5C11F31-B567-403E-A46A-59E49A4A2D3C}.Debug|Any CPU.ActiveCfg = Debug|Any CPU
		{E5C11F31-B567-403E-A46A-59E49A4A2D3C}.Debug|Any CPU.Build.0 = Debug|Any CPU
		{E5C11F31-B567-403E-A46A-59E49A4A2D3C}.Release|Any CPU.ActiveCfg = Release|Any CPU
		{E5C11F31-B567-403E-A46A-59E49A4A2D3C}.Release|Any CPU.Build.0 = Release|Any CPU
		{93551DCC-7078-4B09-91CB-C60E3646E269}.Debug|Any CPU.ActiveCfg = Debug|Any CPU
		{93551DCC-7078-4B09-91CB-C60E3646E269}.Debug|Any CPU.Build.0 = Debug|Any CPU
		{93551DCC-7078-4B09-91CB-C60E3646E269}.Release|Any CPU.ActiveCfg = Release|Any CPU
		{93551DCC-7078-4B09-91CB-C60E3646E269}.Release|Any CPU.Build.0 = Release|Any CPU
		{DB32A645-E236-4A32-94BD-6A93FB7CB200}.Debug|Any CPU.ActiveCfg = Debug|Any CPU
		{DB32A645-E236-4A32-94BD-6A93FB7CB200}.Debug|Any CPU.Build.0 = Debug|Any CPU
		{DB32A645-E236-4A32-94BD-6A93FB7CB200}.Release|Any CPU.ActiveCfg = Release|Any CPU
		{DB32A645-E236-4A32-94BD-6A93FB7CB200}.Release|Any CPU.Build.0 = Release|Any CPU
		{83EAFFC4-1025-4CBC-B0EE-9B2200EC9232}.Debug|Any CPU.ActiveCfg = Debug|Any CPU
		{83EAFFC4-1025-4CBC-B0EE-9B2200EC9232}.Debug|Any CPU.Build.0 = Debug|Any CPU
		{83EAFFC4-1025-4CBC-B0EE-9B2200EC9232}.Release|Any CPU.ActiveCfg = Release|Any CPU
		{83EAFFC4-1025-4CBC-B0EE-9B2200EC9232}.Release|Any CPU.Build.0 = Release|Any CPU
		{C8284010-81FE-4CAD-B958-6042A03A76E8}.Debug|Any CPU.ActiveCfg = Debug|Any CPU
		{C8284010-81FE-4CAD-B958-6042A03A76E8}.Debug|Any CPU.Build.0 = Debug|Any CPU
		{C8284010-81FE-4CAD-B958-6042A03A76E8}.Release|Any CPU.ActiveCfg = Release|Any CPU
		{C8284010-81FE-4CAD-B958-6042A03A76E8}.Release|Any CPU.Build.0 = Release|Any CPU
		{9CF73AEC-BC00-45DD-B6E3-23D324FA1B5A}.Debug|Any CPU.ActiveCfg = Debug|Any CPU
		{9CF73AEC-BC00-45DD-B6E3-23D324FA1B5A}.Debug|Any CPU.Build.0 = Debug|Any CPU
		{9CF73AEC-BC00-45DD-B6E3-23D324FA1B5A}.Release|Any CPU.ActiveCfg = Release|Any CPU
		{9CF73AEC-BC00-45DD-B6E3-23D324FA1B5A}.Release|Any CPU.Build.0 = Release|Any CPU
		{490E163B-DF46-45AE-B4C0-B6F58106F7D7}.Debug|Any CPU.ActiveCfg = Debug|Any CPU
		{490E163B-DF46-45AE-B4C0-B6F58106F7D7}.Debug|Any CPU.Build.0 = Debug|Any CPU
		{490E163B-DF46-45AE-B4C0-B6F58106F7D7}.Release|Any CPU.ActiveCfg = Release|Any CPU
		{490E163B-DF46-45AE-B4C0-B6F58106F7D7}.Release|Any CPU.Build.0 = Release|Any CPU
		{0C666635-A970-4ACC-BEB7-0491CFABAE71}.Debug|Any CPU.ActiveCfg = Debug|Any CPU
		{0C666635-A970-4ACC-BEB7-0491CFABAE71}.Debug|Any CPU.Build.0 = Debug|Any CPU
		{0C666635-A970-4ACC-BEB7-0491CFABAE71}.Release|Any CPU.ActiveCfg = Release|Any CPU
		{0C666635-A970-4ACC-BEB7-0491CFABAE71}.Release|Any CPU.Build.0 = Release|Any CPU
		{113B4CDA-1CE5-41D3-88B8-368F13325683}.Debug|Any CPU.ActiveCfg = Debug|Any CPU
		{113B4CDA-1CE5-41D3-88B8-368F13325683}.Debug|Any CPU.Build.0 = Debug|Any CPU
		{113B4CDA-1CE5-41D3-88B8-368F13325683}.Release|Any CPU.ActiveCfg = Release|Any CPU
		{113B4CDA-1CE5-41D3-88B8-368F13325683}.Release|Any CPU.Build.0 = Release|Any CPU
		{B9953FFE-3E52-4146-8D1C-716A5D630D10}.Debug|Any CPU.ActiveCfg = Debug|Any CPU
		{B9953FFE-3E52-4146-8D1C-716A5D630D10}.Debug|Any CPU.Build.0 = Debug|Any CPU
		{B9953FFE-3E52-4146-8D1C-716A5D630D10}.Release|Any CPU.ActiveCfg = Release|Any CPU
		{B9953FFE-3E52-4146-8D1C-716A5D630D10}.Release|Any CPU.Build.0 = Release|Any CPU
		{8031D806-BEEA-4D4C-8959-3FD88CD6FCBC}.Debug|Any CPU.ActiveCfg = Debug|Any CPU
		{8031D806-BEEA-4D4C-8959-3FD88CD6FCBC}.Debug|Any CPU.Build.0 = Debug|Any CPU
		{8031D806-BEEA-4D4C-8959-3FD88CD6FCBC}.Release|Any CPU.ActiveCfg = Release|Any CPU
		{8031D806-BEEA-4D4C-8959-3FD88CD6FCBC}.Release|Any CPU.Build.0 = Release|Any CPU
		{7C94ED8E-789E-4BD0-97F8-5FCB8CA4ADF5}.Debug|Any CPU.ActiveCfg = Debug|Any CPU
		{7C94ED8E-789E-4BD0-97F8-5FCB8CA4ADF5}.Debug|Any CPU.Build.0 = Debug|Any CPU
		{7C94ED8E-789E-4BD0-97F8-5FCB8CA4ADF5}.Release|Any CPU.ActiveCfg = Release|Any CPU
		{7C94ED8E-789E-4BD0-97F8-5FCB8CA4ADF5}.Release|Any CPU.Build.0 = Release|Any CPU
		{10B2CBCA-3652-4DDE-A02B-87B5197C16AC}.Debug|Any CPU.ActiveCfg = Debug|Any CPU
		{10B2CBCA-3652-4DDE-A02B-87B5197C16AC}.Debug|Any CPU.Build.0 = Debug|Any CPU
		{10B2CBCA-3652-4DDE-A02B-87B5197C16AC}.Release|Any CPU.ActiveCfg = Release|Any CPU
		{10B2CBCA-3652-4DDE-A02B-87B5197C16AC}.Release|Any CPU.Build.0 = Release|Any CPU
		{7737EDBC-3385-4774-8FDB-FE138B8325C4}.Debug|Any CPU.ActiveCfg = Debug|Any CPU
		{7737EDBC-3385-4774-8FDB-FE138B8325C4}.Debug|Any CPU.Build.0 = Debug|Any CPU
		{7737EDBC-3385-4774-8FDB-FE138B8325C4}.Release|Any CPU.ActiveCfg = Release|Any CPU
		{7737EDBC-3385-4774-8FDB-FE138B8325C4}.Release|Any CPU.Build.0 = Release|Any CPU
		{F316E564-99B8-4D7E-BC04-B043DFAD5D0D}.Debug|Any CPU.ActiveCfg = Debug|Any CPU
		{F316E564-99B8-4D7E-BC04-B043DFAD5D0D}.Debug|Any CPU.Build.0 = Debug|Any CPU
		{F316E564-99B8-4D7E-BC04-B043DFAD5D0D}.Release|Any CPU.ActiveCfg = Release|Any CPU
		{F316E564-99B8-4D7E-BC04-B043DFAD5D0D}.Release|Any CPU.Build.0 = Release|Any CPU
		{372B91B4-D3A6-4045-8A60-114BCB9F8DF7}.Debug|Any CPU.ActiveCfg = Debug|Any CPU
		{372B91B4-D3A6-4045-8A60-114BCB9F8DF7}.Debug|Any CPU.Build.0 = Debug|Any CPU
		{372B91B4-D3A6-4045-8A60-114BCB9F8DF7}.Release|Any CPU.ActiveCfg = Release|Any CPU
		{372B91B4-D3A6-4045-8A60-114BCB9F8DF7}.Release|Any CPU.Build.0 = Release|Any CPU
		{3D090EE4-B632-4431-B407-3C6F450BD311}.Debug|Any CPU.ActiveCfg = Debug|Any CPU
		{3D090EE4-B632-4431-B407-3C6F450BD311}.Debug|Any CPU.Build.0 = Debug|Any CPU
		{3D090EE4-B632-4431-B407-3C6F450BD311}.Release|Any CPU.ActiveCfg = Release|Any CPU
		{3D090EE4-B632-4431-B407-3C6F450BD311}.Release|Any CPU.Build.0 = Release|Any CPU
		{8BE7ADE8-C791-4D58-BF71-EED1B31A260C}.Debug|Any CPU.ActiveCfg = Debug|Any CPU
		{8BE7ADE8-C791-4D58-BF71-EED1B31A260C}.Debug|Any CPU.Build.0 = Debug|Any CPU
		{8BE7ADE8-C791-4D58-BF71-EED1B31A260C}.Release|Any CPU.ActiveCfg = Release|Any CPU
		{8BE7ADE8-C791-4D58-BF71-EED1B31A260C}.Release|Any CPU.Build.0 = Release|Any CPU
		{05AA7487-73D0-4AEC-8C69-9CC2931E5F63}.Debug|Any CPU.ActiveCfg = Debug|Any CPU
		{05AA7487-73D0-4AEC-8C69-9CC2931E5F63}.Debug|Any CPU.Build.0 = Debug|Any CPU
		{05AA7487-73D0-4AEC-8C69-9CC2931E5F63}.Release|Any CPU.ActiveCfg = Release|Any CPU
		{05AA7487-73D0-4AEC-8C69-9CC2931E5F63}.Release|Any CPU.Build.0 = Release|Any CPU
		{3DDF6818-FACB-4E86-B946-77BE7E26BE0A}.Debug|Any CPU.ActiveCfg = Debug|Any CPU
		{3DDF6818-FACB-4E86-B946-77BE7E26BE0A}.Debug|Any CPU.Build.0 = Debug|Any CPU
		{3DDF6818-FACB-4E86-B946-77BE7E26BE0A}.Release|Any CPU.ActiveCfg = Release|Any CPU
		{3DDF6818-FACB-4E86-B946-77BE7E26BE0A}.Release|Any CPU.Build.0 = Release|Any CPU
		{CDC433A2-2957-4693-A2EA-B331C58B0185}.Debug|Any CPU.ActiveCfg = Debug|Any CPU
		{CDC433A2-2957-4693-A2EA-B331C58B0185}.Debug|Any CPU.Build.0 = Debug|Any CPU
		{CDC433A2-2957-4693-A2EA-B331C58B0185}.Release|Any CPU.ActiveCfg = Release|Any CPU
		{CDC433A2-2957-4693-A2EA-B331C58B0185}.Release|Any CPU.Build.0 = Release|Any CPU
		{2B1A055F-44C7-4635-94E5-EA8E99FCDEB8}.Debug|Any CPU.ActiveCfg = Debug|Any CPU
		{2B1A055F-44C7-4635-94E5-EA8E99FCDEB8}.Debug|Any CPU.Build.0 = Debug|Any CPU
		{2B1A055F-44C7-4635-94E5-EA8E99FCDEB8}.Release|Any CPU.ActiveCfg = Release|Any CPU
		{2B1A055F-44C7-4635-94E5-EA8E99FCDEB8}.Release|Any CPU.Build.0 = Release|Any CPU
		{47B0C407-3C18-4077-B078-4F84CE162C54}.Debug|Any CPU.ActiveCfg = Debug|Any CPU
		{47B0C407-3C18-4077-B078-4F84CE162C54}.Debug|Any CPU.Build.0 = Debug|Any CPU
		{47B0C407-3C18-4077-B078-4F84CE162C54}.Release|Any CPU.ActiveCfg = Release|Any CPU
		{47B0C407-3C18-4077-B078-4F84CE162C54}.Release|Any CPU.Build.0 = Release|Any CPU
		{79A277AD-A982-459E-BBED-5D1F73C8824B}.Debug|Any CPU.ActiveCfg = Debug|Any CPU
		{79A277AD-A982-459E-BBED-5D1F73C8824B}.Debug|Any CPU.Build.0 = Debug|Any CPU
		{79A277AD-A982-459E-BBED-5D1F73C8824B}.Release|Any CPU.ActiveCfg = Release|Any CPU
		{79A277AD-A982-459E-BBED-5D1F73C8824B}.Release|Any CPU.Build.0 = Release|Any CPU
		{98A9A785-C1D3-4A85-9AB3-D54E3F61E5B2}.Debug|Any CPU.ActiveCfg = Debug|Any CPU
		{98A9A785-C1D3-4A85-9AB3-D54E3F61E5B2}.Debug|Any CPU.Build.0 = Debug|Any CPU
		{98A9A785-C1D3-4A85-9AB3-D54E3F61E5B2}.Release|Any CPU.ActiveCfg = Release|Any CPU
		{98A9A785-C1D3-4A85-9AB3-D54E3F61E5B2}.Release|Any CPU.Build.0 = Release|Any CPU
		{AE619D8B-6671-4352-84EB-D9382AE4CF73}.Debug|Any CPU.ActiveCfg = Debug|Any CPU
		{AE619D8B-6671-4352-84EB-D9382AE4CF73}.Debug|Any CPU.Build.0 = Debug|Any CPU
		{AE619D8B-6671-4352-84EB-D9382AE4CF73}.Release|Any CPU.ActiveCfg = Release|Any CPU
		{AE619D8B-6671-4352-84EB-D9382AE4CF73}.Release|Any CPU.Build.0 = Release|Any CPU
		{468CC534-5921-48C6-8ACC-59482BEB7D2B}.Debug|Any CPU.ActiveCfg = Debug|Any CPU
		{468CC534-5921-48C6-8ACC-59482BEB7D2B}.Debug|Any CPU.Build.0 = Debug|Any CPU
		{468CC534-5921-48C6-8ACC-59482BEB7D2B}.Release|Any CPU.ActiveCfg = Release|Any CPU
		{468CC534-5921-48C6-8ACC-59482BEB7D2B}.Release|Any CPU.Build.0 = Release|Any CPU
		{B06EE692-2719-4D62-B5C3-F3EFE50D7FAD}.Debug|Any CPU.ActiveCfg = Debug|Any CPU
		{B06EE692-2719-4D62-B5C3-F3EFE50D7FAD}.Debug|Any CPU.Build.0 = Debug|Any CPU
		{B06EE692-2719-4D62-B5C3-F3EFE50D7FAD}.Release|Any CPU.ActiveCfg = Release|Any CPU
		{B06EE692-2719-4D62-B5C3-F3EFE50D7FAD}.Release|Any CPU.Build.0 = Release|Any CPU
		{2E40A03B-E2B9-4C28-8070-0740104EE043}.Debug|Any CPU.ActiveCfg = Debug|Any CPU
		{2E40A03B-E2B9-4C28-8070-0740104EE043}.Debug|Any CPU.Build.0 = Debug|Any CPU
		{2E40A03B-E2B9-4C28-8070-0740104EE043}.Release|Any CPU.ActiveCfg = Release|Any CPU
		{2E40A03B-E2B9-4C28-8070-0740104EE043}.Release|Any CPU.Build.0 = Release|Any CPU
		{309C9C32-B77D-4093-AE2A-907539EA76DC}.Debug|Any CPU.ActiveCfg = Debug|Any CPU
		{309C9C32-B77D-4093-AE2A-907539EA76DC}.Debug|Any CPU.Build.0 = Debug|Any CPU
		{309C9C32-B77D-4093-AE2A-907539EA76DC}.Release|Any CPU.ActiveCfg = Release|Any CPU
		{309C9C32-B77D-4093-AE2A-907539EA76DC}.Release|Any CPU.Build.0 = Release|Any CPU
		{90A6123D-F902-4E76-8CEA-39671F385E31}.Debug|Any CPU.ActiveCfg = Debug|Any CPU
		{90A6123D-F902-4E76-8CEA-39671F385E31}.Debug|Any CPU.Build.0 = Debug|Any CPU
		{90A6123D-F902-4E76-8CEA-39671F385E31}.Release|Any CPU.ActiveCfg = Release|Any CPU
		{90A6123D-F902-4E76-8CEA-39671F385E31}.Release|Any CPU.Build.0 = Release|Any CPU
		{3D559DA2-8247-4CA1-9D4D-A85866C0E27C}.Debug|Any CPU.ActiveCfg = Debug|Any CPU
		{3D559DA2-8247-4CA1-9D4D-A85866C0E27C}.Debug|Any CPU.Build.0 = Debug|Any CPU
		{3D559DA2-8247-4CA1-9D4D-A85866C0E27C}.Release|Any CPU.ActiveCfg = Release|Any CPU
		{3D559DA2-8247-4CA1-9D4D-A85866C0E27C}.Release|Any CPU.Build.0 = Release|Any CPU
		{C5506CC4-2C09-4005-9A15-D28A5BC5FE33}.Debug|Any CPU.ActiveCfg = Debug|Any CPU
		{C5506CC4-2C09-4005-9A15-D28A5BC5FE33}.Debug|Any CPU.Build.0 = Debug|Any CPU
		{C5506CC4-2C09-4005-9A15-D28A5BC5FE33}.Release|Any CPU.ActiveCfg = Release|Any CPU
		{C5506CC4-2C09-4005-9A15-D28A5BC5FE33}.Release|Any CPU.Build.0 = Release|Any CPU
		{3BD60D3F-C129-4087-81CC-B68EB424CC09}.Debug|Any CPU.ActiveCfg = Debug|Any CPU
		{3BD60D3F-C129-4087-81CC-B68EB424CC09}.Debug|Any CPU.Build.0 = Debug|Any CPU
		{3BD60D3F-C129-4087-81CC-B68EB424CC09}.Release|Any CPU.ActiveCfg = Release|Any CPU
		{3BD60D3F-C129-4087-81CC-B68EB424CC09}.Release|Any CPU.Build.0 = Release|Any CPU
		{57929565-D8A1-49DE-8A4B-D4851506A4FA}.Debug|Any CPU.ActiveCfg = Debug|Any CPU
		{57929565-D8A1-49DE-8A4B-D4851506A4FA}.Debug|Any CPU.Build.0 = Debug|Any CPU
		{57929565-D8A1-49DE-8A4B-D4851506A4FA}.Release|Any CPU.ActiveCfg = Release|Any CPU
		{57929565-D8A1-49DE-8A4B-D4851506A4FA}.Release|Any CPU.Build.0 = Release|Any CPU
		{3A36D89B-8440-4A43-B06E-B1A16603E470}.Debug|Any CPU.ActiveCfg = Debug|Any CPU
		{3A36D89B-8440-4A43-B06E-B1A16603E470}.Debug|Any CPU.Build.0 = Debug|Any CPU
		{3A36D89B-8440-4A43-B06E-B1A16603E470}.Release|Any CPU.ActiveCfg = Release|Any CPU
		{3A36D89B-8440-4A43-B06E-B1A16603E470}.Release|Any CPU.Build.0 = Release|Any CPU
		{BD345923-38D5-4D46-9B76-4F1E91CFE8CF}.Debug|Any CPU.ActiveCfg = Debug|Any CPU
		{BD345923-38D5-4D46-9B76-4F1E91CFE8CF}.Debug|Any CPU.Build.0 = Debug|Any CPU
		{BD345923-38D5-4D46-9B76-4F1E91CFE8CF}.Release|Any CPU.ActiveCfg = Release|Any CPU
		{BD345923-38D5-4D46-9B76-4F1E91CFE8CF}.Release|Any CPU.Build.0 = Release|Any CPU
		{8990C6FB-BD47-4E58-B035-3B601E57956F}.Debug|Any CPU.ActiveCfg = Debug|Any CPU
		{8990C6FB-BD47-4E58-B035-3B601E57956F}.Debug|Any CPU.Build.0 = Debug|Any CPU
		{8990C6FB-BD47-4E58-B035-3B601E57956F}.Release|Any CPU.ActiveCfg = Release|Any CPU
		{8990C6FB-BD47-4E58-B035-3B601E57956F}.Release|Any CPU.Build.0 = Release|Any CPU
		{F4099407-B732-4D69-9D52-B8913437E6B4}.Debug|Any CPU.ActiveCfg = Debug|Any CPU
		{F4099407-B732-4D69-9D52-B8913437E6B4}.Debug|Any CPU.Build.0 = Debug|Any CPU
		{F4099407-B732-4D69-9D52-B8913437E6B4}.Release|Any CPU.ActiveCfg = Release|Any CPU
		{F4099407-B732-4D69-9D52-B8913437E6B4}.Release|Any CPU.Build.0 = Release|Any CPU
		{90A6905E-49E4-4386-9A63-CF96B6B80733}.Debug|Any CPU.ActiveCfg = Debug|Any CPU
		{90A6905E-49E4-4386-9A63-CF96B6B80733}.Debug|Any CPU.Build.0 = Debug|Any CPU
		{90A6905E-49E4-4386-9A63-CF96B6B80733}.Release|Any CPU.ActiveCfg = Release|Any CPU
		{90A6905E-49E4-4386-9A63-CF96B6B80733}.Release|Any CPU.Build.0 = Release|Any CPU
		{6602D07D-C27E-479E-817E-B9AB0CC33F01}.Debug|Any CPU.ActiveCfg = Debug|Any CPU
		{6602D07D-C27E-479E-817E-B9AB0CC33F01}.Debug|Any CPU.Build.0 = Debug|Any CPU
		{6602D07D-C27E-479E-817E-B9AB0CC33F01}.Release|Any CPU.ActiveCfg = Release|Any CPU
		{6602D07D-C27E-479E-817E-B9AB0CC33F01}.Release|Any CPU.Build.0 = Release|Any CPU
		{39AF42F4-73F4-4600-AECA-66B7E83469E1}.Debug|Any CPU.ActiveCfg = Debug|Any CPU
		{39AF42F4-73F4-4600-AECA-66B7E83469E1}.Debug|Any CPU.Build.0 = Debug|Any CPU
		{39AF42F4-73F4-4600-AECA-66B7E83469E1}.Release|Any CPU.ActiveCfg = Release|Any CPU
		{39AF42F4-73F4-4600-AECA-66B7E83469E1}.Release|Any CPU.Build.0 = Release|Any CPU
		{46657D75-8952-4500-AAD1-539FD248E510}.Debug|Any CPU.ActiveCfg = Debug|Any CPU
		{46657D75-8952-4500-AAD1-539FD248E510}.Debug|Any CPU.Build.0 = Debug|Any CPU
		{46657D75-8952-4500-AAD1-539FD248E510}.Release|Any CPU.ActiveCfg = Release|Any CPU
		{46657D75-8952-4500-AAD1-539FD248E510}.Release|Any CPU.Build.0 = Release|Any CPU
		{8594FA6F-3E20-4D85-9963-6ADC46F66673}.Debug|Any CPU.ActiveCfg = Debug|Any CPU
		{8594FA6F-3E20-4D85-9963-6ADC46F66673}.Debug|Any CPU.Build.0 = Debug|Any CPU
		{8594FA6F-3E20-4D85-9963-6ADC46F66673}.Release|Any CPU.ActiveCfg = Release|Any CPU
		{8594FA6F-3E20-4D85-9963-6ADC46F66673}.Release|Any CPU.Build.0 = Release|Any CPU
		{2FEF1C3D-C956-4E8C-AFE8-A99CE8FA0D1D}.Debug|Any CPU.ActiveCfg = Debug|Any CPU
		{2FEF1C3D-C956-4E8C-AFE8-A99CE8FA0D1D}.Debug|Any CPU.Build.0 = Debug|Any CPU
		{2FEF1C3D-C956-4E8C-AFE8-A99CE8FA0D1D}.Release|Any CPU.ActiveCfg = Release|Any CPU
		{2FEF1C3D-C956-4E8C-AFE8-A99CE8FA0D1D}.Release|Any CPU.Build.0 = Release|Any CPU
		{AD806E12-8CBF-45B2-9293-C22E1D4B58F8}.Debug|Any CPU.ActiveCfg = Debug|Any CPU
		{AD806E12-8CBF-45B2-9293-C22E1D4B58F8}.Debug|Any CPU.Build.0 = Debug|Any CPU
		{AD806E12-8CBF-45B2-9293-C22E1D4B58F8}.Release|Any CPU.ActiveCfg = Release|Any CPU
		{AD806E12-8CBF-45B2-9293-C22E1D4B58F8}.Release|Any CPU.Build.0 = Release|Any CPU
		{37BA7D68-D803-4820-9586-8EFC016C9144}.Debug|Any CPU.ActiveCfg = Debug|Any CPU
		{37BA7D68-D803-4820-9586-8EFC016C9144}.Debug|Any CPU.Build.0 = Debug|Any CPU
		{37BA7D68-D803-4820-9586-8EFC016C9144}.Release|Any CPU.ActiveCfg = Release|Any CPU
		{37BA7D68-D803-4820-9586-8EFC016C9144}.Release|Any CPU.Build.0 = Release|Any CPU
		{B5469B66-604D-4D40-81A3-43BB9968D2DE}.Debug|Any CPU.ActiveCfg = Debug|Any CPU
		{B5469B66-604D-4D40-81A3-43BB9968D2DE}.Debug|Any CPU.Build.0 = Debug|Any CPU
		{B5469B66-604D-4D40-81A3-43BB9968D2DE}.Release|Any CPU.ActiveCfg = Release|Any CPU
		{B5469B66-604D-4D40-81A3-43BB9968D2DE}.Release|Any CPU.Build.0 = Release|Any CPU
		{541B4076-65BE-45B0-AAF8-31B93487DC6D}.Debug|Any CPU.ActiveCfg = Debug|Any CPU
		{541B4076-65BE-45B0-AAF8-31B93487DC6D}.Debug|Any CPU.Build.0 = Debug|Any CPU
		{541B4076-65BE-45B0-AAF8-31B93487DC6D}.Release|Any CPU.ActiveCfg = Release|Any CPU
		{541B4076-65BE-45B0-AAF8-31B93487DC6D}.Release|Any CPU.Build.0 = Release|Any CPU
		{B61D68C9-8311-4E6D-B50E-259A2AF34B41}.Debug|Any CPU.ActiveCfg = Debug|Any CPU
		{B61D68C9-8311-4E6D-B50E-259A2AF34B41}.Debug|Any CPU.Build.0 = Debug|Any CPU
		{B61D68C9-8311-4E6D-B50E-259A2AF34B41}.Release|Any CPU.ActiveCfg = Release|Any CPU
		{B61D68C9-8311-4E6D-B50E-259A2AF34B41}.Release|Any CPU.Build.0 = Release|Any CPU
	EndGlobalSection
	GlobalSection(SolutionProperties) = preSolution
		HideSolutionNode = FALSE
	EndGlobalSection
	GlobalSection(NestedProjects) = preSolution
		{112DA7AE-6BDC-4F38-BB46-442F008F1FA5} = {CD9128A1-F932-46C7-A2F9-F3CA58E7CB55}
		{B21F4A88-F093-40DE-8C96-EA1A112839C6} = {CD9128A1-F932-46C7-A2F9-F3CA58E7CB55}
		{98E180F9-76D7-4399-B8DC-7614A6BA245C} = {112DA7AE-6BDC-4F38-BB46-442F008F1FA5}
		{5648595A-449E-4C01-BB67-624B010728DA} = {112DA7AE-6BDC-4F38-BB46-442F008F1FA5}
		{E5C11F31-B567-403E-A46A-59E49A4A2D3C} = {112DA7AE-6BDC-4F38-BB46-442F008F1FA5}
		{C229066A-5D7F-481C-BB22-699DC93054F8} = {CD9128A1-F932-46C7-A2F9-F3CA58E7CB55}
		{93551DCC-7078-4B09-91CB-C60E3646E269} = {C229066A-5D7F-481C-BB22-699DC93054F8}
		{DB32A645-E236-4A32-94BD-6A93FB7CB200} = {C229066A-5D7F-481C-BB22-699DC93054F8}
		{83EAFFC4-1025-4CBC-B0EE-9B2200EC9232} = {C229066A-5D7F-481C-BB22-699DC93054F8}
		{C8284010-81FE-4CAD-B958-6042A03A76E8} = {C229066A-5D7F-481C-BB22-699DC93054F8}
		{9CF73AEC-BC00-45DD-B6E3-23D324FA1B5A} = {C229066A-5D7F-481C-BB22-699DC93054F8}
		{490E163B-DF46-45AE-B4C0-B6F58106F7D7} = {C229066A-5D7F-481C-BB22-699DC93054F8}
		{0C666635-A970-4ACC-BEB7-0491CFABAE71} = {C229066A-5D7F-481C-BB22-699DC93054F8}
		{113B4CDA-1CE5-41D3-88B8-368F13325683} = {C229066A-5D7F-481C-BB22-699DC93054F8}
		{B9953FFE-3E52-4146-8D1C-716A5D630D10} = {C229066A-5D7F-481C-BB22-699DC93054F8}
		{F5430E3B-2B3C-41E0-9D6B-61E50EE6DBD2} = {CD9128A1-F932-46C7-A2F9-F3CA58E7CB55}
		{8031D806-BEEA-4D4C-8959-3FD88CD6FCBC} = {F5430E3B-2B3C-41E0-9D6B-61E50EE6DBD2}
		{7C94ED8E-789E-4BD0-97F8-5FCB8CA4ADF5} = {F5430E3B-2B3C-41E0-9D6B-61E50EE6DBD2}
		{10B2CBCA-3652-4DDE-A02B-87B5197C16AC} = {B21F4A88-F093-40DE-8C96-EA1A112839C6}
		{7737EDBC-3385-4774-8FDB-FE138B8325C4} = {B21F4A88-F093-40DE-8C96-EA1A112839C6}
		{F316E564-99B8-4D7E-BC04-B043DFAD5D0D} = {B21F4A88-F093-40DE-8C96-EA1A112839C6}
		{372B91B4-D3A6-4045-8A60-114BCB9F8DF7} = {B21F4A88-F093-40DE-8C96-EA1A112839C6}
		{3D090EE4-B632-4431-B407-3C6F450BD311} = {B21F4A88-F093-40DE-8C96-EA1A112839C6}
		{8BE7ADE8-C791-4D58-BF71-EED1B31A260C} = {B21F4A88-F093-40DE-8C96-EA1A112839C6}
		{05AA7487-73D0-4AEC-8C69-9CC2931E5F63} = {B21F4A88-F093-40DE-8C96-EA1A112839C6}
		{3DDF6818-FACB-4E86-B946-77BE7E26BE0A} = {B21F4A88-F093-40DE-8C96-EA1A112839C6}
		{CDC433A2-2957-4693-A2EA-B331C58B0185} = {B21F4A88-F093-40DE-8C96-EA1A112839C6}
		{2B1A055F-44C7-4635-94E5-EA8E99FCDEB8} = {B21F4A88-F093-40DE-8C96-EA1A112839C6}
		{47B0C407-3C18-4077-B078-4F84CE162C54} = {B21F4A88-F093-40DE-8C96-EA1A112839C6}
		{C1E1A4D1-FA04-4B0F-83EB-5A7478FC76BF} = {CD9128A1-F932-46C7-A2F9-F3CA58E7CB55}
		{79A277AD-A982-459E-BBED-5D1F73C8824B} = {C1E1A4D1-FA04-4B0F-83EB-5A7478FC76BF}
		{98A9A785-C1D3-4A85-9AB3-D54E3F61E5B2} = {C1E1A4D1-FA04-4B0F-83EB-5A7478FC76BF}
		{AE619D8B-6671-4352-84EB-D9382AE4CF73} = {C1E1A4D1-FA04-4B0F-83EB-5A7478FC76BF}
		{468CC534-5921-48C6-8ACC-59482BEB7D2B} = {C1E1A4D1-FA04-4B0F-83EB-5A7478FC76BF}
		{B06EE692-2719-4D62-B5C3-F3EFE50D7FAD} = {C1E1A4D1-FA04-4B0F-83EB-5A7478FC76BF}
		{2E40A03B-E2B9-4C28-8070-0740104EE043} = {C1E1A4D1-FA04-4B0F-83EB-5A7478FC76BF}
		{309C9C32-B77D-4093-AE2A-907539EA76DC} = {C1E1A4D1-FA04-4B0F-83EB-5A7478FC76BF}
		{90A6123D-F902-4E76-8CEA-39671F385E31} = {C1E1A4D1-FA04-4B0F-83EB-5A7478FC76BF}
		{3D559DA2-8247-4CA1-9D4D-A85866C0E27C} = {C1E1A4D1-FA04-4B0F-83EB-5A7478FC76BF}
		{C5506CC4-2C09-4005-9A15-D28A5BC5FE33} = {C1E1A4D1-FA04-4B0F-83EB-5A7478FC76BF}
		{3BD60D3F-C129-4087-81CC-B68EB424CC09} = {C1E1A4D1-FA04-4B0F-83EB-5A7478FC76BF}
		{57929565-D8A1-49DE-8A4B-D4851506A4FA} = {C1E1A4D1-FA04-4B0F-83EB-5A7478FC76BF}
		{81A7DE36-05EB-491A-A958-84A1B0633AD2} = {CD9128A1-F932-46C7-A2F9-F3CA58E7CB55}
		{E6E31D0B-3809-482C-A36E-0F49A3240C2D} = {CD9128A1-F932-46C7-A2F9-F3CA58E7CB55}
		{3A36D89B-8440-4A43-B06E-B1A16603E470} = {E6E31D0B-3809-482C-A36E-0F49A3240C2D}
		{BD345923-38D5-4D46-9B76-4F1E91CFE8CF} = {E6E31D0B-3809-482C-A36E-0F49A3240C2D}
		{8990C6FB-BD47-4E58-B035-3B601E57956F} = {81A7DE36-05EB-491A-A958-84A1B0633AD2}
		{2FA78F1A-0D47-483E-9150-467844C4F327} = {CD9128A1-F932-46C7-A2F9-F3CA58E7CB55}
		{F4099407-B732-4D69-9D52-B8913437E6B4} = {2FA78F1A-0D47-483E-9150-467844C4F327}
		{90A6905E-49E4-4386-9A63-CF96B6B80733} = {2FA78F1A-0D47-483E-9150-467844C4F327}
		{6602D07D-C27E-479E-817E-B9AB0CC33F01} = {2FA78F1A-0D47-483E-9150-467844C4F327}
		{39AF42F4-73F4-4600-AECA-66B7E83469E1} = {E6E31D0B-3809-482C-A36E-0F49A3240C2D}
		{D247F7CC-C02A-4659-8F7B-494F761FA20B} = {CD9128A1-F932-46C7-A2F9-F3CA58E7CB55}
		{46657D75-8952-4500-AAD1-539FD248E510} = {D247F7CC-C02A-4659-8F7B-494F761FA20B}
		{8D02DFAA-3911-4D0C-98E2-9D788C8185DB} = {9513553E-4BBD-43C4-8B27-D4CB19DDF744}
		{8594FA6F-3E20-4D85-9963-6ADC46F66673} = {8D02DFAA-3911-4D0C-98E2-9D788C8185DB}
		{2FEF1C3D-C956-4E8C-AFE8-A99CE8FA0D1D} = {8D02DFAA-3911-4D0C-98E2-9D788C8185DB}
		{AD806E12-8CBF-45B2-9293-C22E1D4B58F8} = {8D02DFAA-3911-4D0C-98E2-9D788C8185DB}
		{37BA7D68-D803-4820-9586-8EFC016C9144} = {D247F7CC-C02A-4659-8F7B-494F761FA20B}
		{B5469B66-604D-4D40-81A3-43BB9968D2DE} = {D247F7CC-C02A-4659-8F7B-494F761FA20B}
		{F296B3A2-CA03-4635-9661-C43E986BC093} = {9513553E-4BBD-43C4-8B27-D4CB19DDF744}
		{541B4076-65BE-45B0-AAF8-31B93487DC6D} = {F296B3A2-CA03-4635-9661-C43E986BC093}
		{185614E3-F09A-4A8F-B0AB-0E8F5D63813C} = {9513553E-4BBD-43C4-8B27-D4CB19DDF744}
		{B61D68C9-8311-4E6D-B50E-259A2AF34B41} = {185614E3-F09A-4A8F-B0AB-0E8F5D63813C}
	EndGlobalSection
	GlobalSection(ExtensibilityGlobals) = postSolution
		SolutionGuid = {7464D531-C088-4472-B447-09605BA2D2D4}
	EndGlobalSection
EndGlobal
